{
  "name": "package-consumer",
  "version": "1.0.0",
  "lockfileVersion": 3,
  "requires": true,
  "packages": {
    "": {
      "name": "package-consumer",
      "version": "1.0.0",
      "license": "ISC",
      "dependencies": {
        "@techigh/package-example": "~0.0.2"
      }
    },
    "node_modules/@techigh/package-example": {
      "version": "0.0.2",
      "resolved": "https://registry.npmjs.org/@techigh/package-example/-/package-example-0.0.2.tgz",
      "integrity": "sha512-oGIAS2cBUl6WEs1T9JfIVNiOVT0H0D7lhmGrQxVDqO4QZbDykH9UL5PcQmXyxEbk4k82iUhVdFrX9kellaWxJA=="
    }
  }
}
